
Microsoft Visual Studio Solution File, Format Version 12.00
# Visual Studio Version 17
VisualStudioVersion = 17.0.31903.59
MinimumVisualStudioVersion = 10.0.40219.1
Project("{9A19103F-16F7-4668-BE54-9A1E7A4F7556}") = "Driving.Console", "Driving.Console\Driving.Console.csproj", "{605D8E1E-E3EA-4E72-BD1C-EEBB533FECEB}"
EndProject
Project("{9A19103F-16F7-4668-BE54-9A1E7A4F7556}") = "Domain", "Domain\Domain.csproj", "{91A3B325-7B6A-46F9-BFA1-6067E86F4917}"
EndProject
Project("{9A19103F-16F7-4668-BE54-9A1E7A4F7556}") = "Driven.Persistence.Postgres", "Driven.Persistence.Postgres\Driven.Persistence.Postgres.csproj", "{92F167F2-FCBA-4EFB-9A5D-E5FB4F838EC3}"
EndProject
Project("{9A19103F-16F7-4668-BE54-9A1E7A4F7556}") = "Driven.Webscraper", "Driven.Webscraper\Driven.Webscraper.csproj", "{8FE3C3CA-703F-4EE0-A65D-FF3232CA7BC1}"
EndProject
Project("{9A19103F-16F7-4668-BE54-9A1E7A4F7556}") = "Driven.Logging", "Driven.Logging\Driven.Logging.csproj", "{F6CBD521-80B8-4F2E-BB83-21EE07133726}"
EndProject
Project("{9A19103F-16F7-4668-BE54-9A1E7A4F7556}") = "Driving.Service", "Driving.Service\Driving.Service.csproj", "{A4351D3C-24CE-4A07-8CC8-9C50D592F710}"
EndProject
Project("{E53339B2-1760-4266-BCC7-CA923CBCF16C}") = "docker-compose", "docker-compose.dcproj", "{AE8F53C3-68E9-44A9-A582-274C3D39CB16}"
EndProject
Project("{9A19103F-16F7-4668-BE54-9A1E7A4F7556}") = "Driven.RealtimeMessages.SignalR", "Driven.RealtimeMessages.SignalR\Driven.RealtimeMessages.SignalR.csproj", "{DF8590BE-E7CF-42BF-BACC-EB258DFD4C52}"
EndProject
Project("{FAE04EC0-301F-11D3-BF4B-00C04F79EFBC}") = "Domain.Test", "Domain.Test\Domain.Test.csproj", "{D53C12C6-71FA-4EFA-A509-AF7842D23AE5}"
EndProject
Global
	GlobalSection(SolutionConfigurationPlatforms) = preSolution
		Debug|Any CPU = Debug|Any CPU
		Release|Any CPU = Release|Any CPU
	EndGlobalSection
	GlobalSection(ProjectConfigurationPlatforms) = postSolution
		{605D8E1E-E3EA-4E72-BD1C-EEBB533FECEB}.Debug|Any CPU.ActiveCfg = Debug|Any CPU
		{605D8E1E-E3EA-4E72-BD1C-EEBB533FECEB}.Debug|Any CPU.Build.0 = Debug|Any CPU
		{605D8E1E-E3EA-4E72-BD1C-EEBB533FECEB}.Release|Any CPU.ActiveCfg = Release|Any CPU
		{605D8E1E-E3EA-4E72-BD1C-EEBB533FECEB}.Release|Any CPU.Build.0 = Release|Any CPU
		{91A3B325-7B6A-46F9-BFA1-6067E86F4917}.Debug|Any CPU.ActiveCfg = Debug|Any CPU
		{91A3B325-7B6A-46F9-BFA1-6067E86F4917}.Debug|Any CPU.Build.0 = Debug|Any CPU
		{91A3B325-7B6A-46F9-BFA1-6067E86F4917}.Release|Any CPU.ActiveCfg = Release|Any CPU
		{91A3B325-7B6A-46F9-BFA1-6067E86F4917}.Release|Any CPU.Build.0 = Release|Any CPU
		{92F167F2-FCBA-4EFB-9A5D-E5FB4F838EC3}.Debug|Any CPU.ActiveCfg = Debug|Any CPU
		{92F167F2-FCBA-4EFB-9A5D-E5FB4F838EC3}.Debug|Any CPU.Build.0 = Debug|Any CPU
		{92F167F2-FCBA-4EFB-9A5D-E5FB4F838EC3}.Release|Any CPU.ActiveCfg = Release|Any CPU
		{92F167F2-FCBA-4EFB-9A5D-E5FB4F838EC3}.Release|Any CPU.Build.0 = Release|Any CPU
		{8FE3C3CA-703F-4EE0-A65D-FF3232CA7BC1}.Debug|Any CPU.ActiveCfg = Debug|Any CPU
		{8FE3C3CA-703F-4EE0-A65D-FF3232CA7BC1}.Debug|Any CPU.Build.0 = Debug|Any CPU
		{8FE3C3CA-703F-4EE0-A65D-FF3232CA7BC1}.Release|Any CPU.ActiveCfg = Release|Any CPU
		{8FE3C3CA-703F-4EE0-A65D-FF3232CA7BC1}.Release|Any CPU.Build.0 = Release|Any CPU
		{F6CBD521-80B8-4F2E-BB83-21EE07133726}.Debug|Any CPU.ActiveCfg = Debug|Any CPU
		{F6CBD521-80B8-4F2E-BB83-21EE07133726}.Debug|Any CPU.Build.0 = Debug|Any CPU
		{F6CBD521-80B8-4F2E-BB83-21EE07133726}.Release|Any CPU.ActiveCfg = Release|Any CPU
		{F6CBD521-80B8-4F2E-BB83-21EE07133726}.Release|Any CPU.Build.0 = Release|Any CPU
		{A4351D3C-24CE-4A07-8CC8-9C50D592F710}.Debug|Any CPU.ActiveCfg = Debug|Any CPU
		{A4351D3C-24CE-4A07-8CC8-9C50D592F710}.Debug|Any CPU.Build.0 = Debug|Any CPU
		{A4351D3C-24CE-4A07-8CC8-9C50D592F710}.Release|Any CPU.ActiveCfg = Release|Any CPU
		{A4351D3C-24CE-4A07-8CC8-9C50D592F710}.Release|Any CPU.Build.0 = Release|Any CPU
		{AE8F53C3-68E9-44A9-A582-274C3D39CB16}.Debug|Any CPU.ActiveCfg = Debug|Any CPU
		{AE8F53C3-68E9-44A9-A582-274C3D39CB16}.Debug|Any CPU.Build.0 = Debug|Any CPU
		{AE8F53C3-68E9-44A9-A582-274C3D39CB16}.Release|Any CPU.ActiveCfg = Release|Any CPU
		{AE8F53C3-68E9-44A9-A582-274C3D39CB16}.Release|Any CPU.Build.0 = Release|Any CPU
		{DF8590BE-E7CF-42BF-BACC-EB258DFD4C52}.Debug|Any CPU.ActiveCfg = Debug|Any CPU
		{DF8590BE-E7CF-42BF-BACC-EB258DFD4C52}.Debug|Any CPU.Build.0 = Debug|Any CPU
		{DF8590BE-E7CF-42BF-BACC-EB258DFD4C52}.Release|Any CPU.ActiveCfg = Release|Any CPU
		{DF8590BE-E7CF-42BF-BACC-EB258DFD4C52}.Release|Any CPU.Build.0 = Release|Any CPU
		{D53C12C6-71FA-4EFA-A509-AF7842D23AE5}.Debug|Any CPU.ActiveCfg = Debug|Any CPU
		{D53C12C6-71FA-4EFA-A509-AF7842D23AE5}.Debug|Any CPU.Build.0 = Debug|Any CPU
		{D53C12C6-71FA-4EFA-A509-AF7842D23AE5}.Release|Any CPU.ActiveCfg = Release|Any CPU
		{D53C12C6-71FA-4EFA-A509-AF7842D23AE5}.Release|Any CPU.Build.0 = Release|Any CPU
	EndGlobalSection
	GlobalSection(SolutionProperties) = preSolution
		HideSolutionNode = FALSE
	EndGlobalSection
	GlobalSection(ExtensibilityGlobals) = postSolution
		SolutionGuid = {C5B8B52C-7BDF-49C6-9C95-DD02FF5F0C51}
	EndGlobalSection
EndGlobal
